
Microsoft Visual Studio Solution File, Format Version 12.00
# Visual Studio Version 17
VisualStudioVersion = 17.7.34003.232
MinimumVisualStudioVersion = 10.0.40219.1
Project("{9A19103F-16F7-4668-BE54-9A1E7A4F7556}") = "QuanLyCuaHangBanGiay.WebAPI", "QuanLySinhVien\QuanLyCuaHangBanGiay.WebAPI.csproj", "{2F7896B5-666C-4E45-A1A7-46946D52EDB8}"
EndProject
Project("{9A19103F-16F7-4668-BE54-9A1E7A4F7556}") = "QuanLyCuaHangBanGiay.Domain", "QuanLyCuaHangBanGiay.Domain\QuanLyCuaHangBanGiay.Domain.csproj", "{479A3008-9D08-4825-8DFA-4988F42CE562}"
EndProject
Project("{9A19103F-16F7-4668-BE54-9A1E7A4F7556}") = "QuanLyCuaHangBanGiay.Application", "QuanLyCuaHangBanGiay.Application\QuanLyCuaHangBanGiay.Application.csproj", "{0DB47B42-179B-41EC-B831-B50E83775D46}"
EndProject
Project("{9A19103F-16F7-4668-BE54-9A1E7A4F7556}") = "QuanLyCuaHangBanGiay.Data", "QuanLyCuaHangBanGiay.Data\QuanLyCuaHangBanGiay.Data.csproj", "{5F6638EF-C9F9-4DEB-B53E-B7B75968D412}"
EndProject
Project("{9A19103F-16F7-4668-BE54-9A1E7A4F7556}") = "QuanLyCuaHangBanGiay.Infrastructure", "QuanLyCuaHangBanGiay.Infrastructure\QuanLyCuaHangBanGiay.Infrastructure.csproj", "{B2852D9A-0A8C-41BC-AD78-F6F3164DDB45}"
EndProject
Project("{FAE04EC0-301F-11D3-BF4B-00C04F79EFBC}") = "QuanLyCuaHangBanGiay.UnitTest", "QuanLyCuaHangBanGiay.UnitTest\QuanLyCuaHangBanGiay.UnitTest.csproj", "{6EFFBD92-FCAD-4964-8CB4-916FAD49FAE0}"
EndProject
Project("{9A19103F-16F7-4668-BE54-9A1E7A4F7556}") = "QuanLyCuaHangBanGiay.Service", "QuanLyCuaHangBanGiay.Service\QuanLyCuaHangBanGiay.Service.csproj", "{ABEA3BC3-59AF-44FE-B821-FB69728AEA02}"
EndProject
Project("{2150E333-8FDC-42A3-9474-1A3956D46DE8}") = "QuanLyCuaHangBanGiay.Core", "QuanLyCuaHangBanGiay.Core", "{00F39381-8EE8-4BAA-97B9-8C59874AA63F}"
EndProject
Project("{9A19103F-16F7-4668-BE54-9A1E7A4F7556}") = "QuanLyCuaHangBanGiay.Core.SQLDB", "QuanLyCuaHangBanGiay.Core.SQLDB\QuanLyCuaHangBanGiay.Core.SQLDB.csproj", "{6674B6F2-3F2E-4D1D-A2ED-922EFA069D57}"
EndProject
Project("{2150E333-8FDC-42A3-9474-1A3956D46DE8}") = "Infrastructure", "Infrastructure", "{0431D7AF-ECB4-4955-BAD9-94213F294B2E}"
EndProject
Project("{9A19103F-16F7-4668-BE54-9A1E7A4F7556}") = "QuanLyCuaHangBanGiay.Core.ApplicationService", "QuanLyCuaHangBanGiay.Core.ApplicationService\QuanLyCuaHangBanGiay.Core.ApplicationService.csproj", "{95580C87-AC61-4657-B1C3-18B80D320F5B}"
EndProject
Project("{9A19103F-16F7-4668-BE54-9A1E7A4F7556}") = "QuanLyCuaHangBanGiay.Core.Domain", "QuanLyCuaHangBanGiay.Core.Domain\QuanLyCuaHangBanGiay.Core.Domain.csproj", "{FC1C6C88-FCB9-44DA-BBEA-1AB9F7FE26F7}"
EndProject
Project("{2150E333-8FDC-42A3-9474-1A3956D46DE8}") = "Module", "Module", "{7C3CEAC1-A0A5-4E5C-AFFD-AE8E82C47345}"
EndProject
Project("{9A19103F-16F7-4668-BE54-9A1E7A4F7556}") = "QuanLyCuaHangBanGiay.Module.Domain", "QuanLyCuaHangBanGiay.Module.Domain\QuanLyCuaHangBanGiay.Module.Domain.csproj", "{CC2E2F32-0B72-4C72-8A4B-874767AEDE73}"
EndProject
Project("{9A19103F-16F7-4668-BE54-9A1E7A4F7556}") = "QuanLyCuaHangBanGiay.Core.WebAPIi", "QuanLyCuaHangBanGiay.Core.WebAPIi\QuanLyCuaHangBanGiay.Core.WebAPIi.csproj", "{43F24D55-15D9-41AA-83D4-9EC58F95F935}"
EndProject
Project("{2150E333-8FDC-42A3-9474-1A3956D46DE8}") = "Infrastructure", "Infrastructure", "{45EFB539-0F2D-49D4-AB62-88608268A5CC}"
EndProject
Project("{9A19103F-16F7-4668-BE54-9A1E7A4F7556}") = "QuanLyCuaHangBanGiay.Module.ApplicationService", "QuanLyCuaHangBanGiay.Module.ApplicationService\QuanLyCuaHangBanGiay.Module.ApplicationService.csproj", "{A15F35E3-46A6-4805-8EAC-640C71A9E2EB}"
EndProject
Project("{9A19103F-16F7-4668-BE54-9A1E7A4F7556}") = "QuanLyCuaHangBanGiay.Module.SQLDB", "QuanLyCuaHangBanGiay.Module.SQLDB\QuanLyCuaHangBanGiay.Module.SQLDB.csproj", "{89F69890-B52C-412E-967E-D0FBC259A440}"
EndProject
Project("{FAE04EC0-301F-11D3-BF4B-00C04F79EFBC}") = "QuanLyCuaHangBanGiay.Module.WebAPIu", "QuanLyCuaHangBanGiay.Module.WebAPIu\QuanLyCuaHangBanGiay.Module.WebAPIu.csproj", "{FC12875B-84E3-4D2D-9E5B-5DC36C0651C5}"
EndProject
Global
	GlobalSection(SolutionConfigurationPlatforms) = preSolution
		Debug|Any CPU = Debug|Any CPU
		Release|Any CPU = Release|Any CPU
	EndGlobalSection
	GlobalSection(ProjectConfigurationPlatforms) = postSolution
		{2F7896B5-666C-4E45-A1A7-46946D52EDB8}.Debug|Any CPU.ActiveCfg = Debug|Any CPU
		{2F7896B5-666C-4E45-A1A7-46946D52EDB8}.Debug|Any CPU.Build.0 = Debug|Any CPU
		{2F7896B5-666C-4E45-A1A7-46946D52EDB8}.Release|Any CPU.ActiveCfg = Release|Any CPU
		{2F7896B5-666C-4E45-A1A7-46946D52EDB8}.Release|Any CPU.Build.0 = Release|Any CPU
		{479A3008-9D08-4825-8DFA-4988F42CE562}.Debug|Any CPU.ActiveCfg = Debug|Any CPU
		{479A3008-9D08-4825-8DFA-4988F42CE562}.Debug|Any CPU.Build.0 = Debug|Any CPU
		{479A3008-9D08-4825-8DFA-4988F42CE562}.Release|Any CPU.ActiveCfg = Release|Any CPU
		{479A3008-9D08-4825-8DFA-4988F42CE562}.Release|Any CPU.Build.0 = Release|Any CPU
		{0DB47B42-179B-41EC-B831-B50E83775D46}.Debug|Any CPU.ActiveCfg = Debug|Any CPU
		{0DB47B42-179B-41EC-B831-B50E83775D46}.Debug|Any CPU.Build.0 = Debug|Any CPU
		{0DB47B42-179B-41EC-B831-B50E83775D46}.Release|Any CPU.ActiveCfg = Release|Any CPU
		{0DB47B42-179B-41EC-B831-B50E83775D46}.Release|Any CPU.Build.0 = Release|Any CPU
		{5F6638EF-C9F9-4DEB-B53E-B7B75968D412}.Debug|Any CPU.ActiveCfg = Debug|Any CPU
		{5F6638EF-C9F9-4DEB-B53E-B7B75968D412}.Debug|Any CPU.Build.0 = Debug|Any CPU
		{5F6638EF-C9F9-4DEB-B53E-B7B75968D412}.Release|Any CPU.ActiveCfg = Release|Any CPU
		{5F6638EF-C9F9-4DEB-B53E-B7B75968D412}.Release|Any CPU.Build.0 = Release|Any CPU
		{B2852D9A-0A8C-41BC-AD78-F6F3164DDB45}.Debug|Any CPU.ActiveCfg = Debug|Any CPU
		{B2852D9A-0A8C-41BC-AD78-F6F3164DDB45}.Debug|Any CPU.Build.0 = Debug|Any CPU
		{B2852D9A-0A8C-41BC-AD78-F6F3164DDB45}.Release|Any CPU.ActiveCfg = Release|Any CPU
		{B2852D9A-0A8C-41BC-AD78-F6F3164DDB45}.Release|Any CPU.Build.0 = Release|Any CPU
		{6EFFBD92-FCAD-4964-8CB4-916FAD49FAE0}.Debug|Any CPU.ActiveCfg = Debug|Any CPU
		{6EFFBD92-FCAD-4964-8CB4-916FAD49FAE0}.Debug|Any CPU.Build.0 = Debug|Any CPU
		{6EFFBD92-FCAD-4964-8CB4-916FAD49FAE0}.Release|Any CPU.ActiveCfg = Release|Any CPU
		{6EFFBD92-FCAD-4964-8CB4-916FAD49FAE0}.Release|Any CPU.Build.0 = Release|Any CPU
		{ABEA3BC3-59AF-44FE-B821-FB69728AEA02}.Debug|Any CPU.ActiveCfg = Debug|Any CPU
		{ABEA3BC3-59AF-44FE-B821-FB69728AEA02}.Debug|Any CPU.Build.0 = Debug|Any CPU
		{ABEA3BC3-59AF-44FE-B821-FB69728AEA02}.Release|Any CPU.ActiveCfg = Release|Any CPU
		{ABEA3BC3-59AF-44FE-B821-FB69728AEA02}.Release|Any CPU.Build.0 = Release|Any CPU
		{6674B6F2-3F2E-4D1D-A2ED-922EFA069D57}.Debug|Any CPU.ActiveCfg = Debug|Any CPU
		{6674B6F2-3F2E-4D1D-A2ED-922EFA069D57}.Debug|Any CPU.Build.0 = Debug|Any CPU
		{6674B6F2-3F2E-4D1D-A2ED-922EFA069D57}.Release|Any CPU.ActiveCfg = Release|Any CPU
		{6674B6F2-3F2E-4D1D-A2ED-922EFA069D57}.Release|Any CPU.Build.0 = Release|Any CPU
		{95580C87-AC61-4657-B1C3-18B80D320F5B}.Debug|Any CPU.ActiveCfg = Debug|Any CPU
		{95580C87-AC61-4657-B1C3-18B80D320F5B}.Debug|Any CPU.Build.0 = Debug|Any CPU
		{95580C87-AC61-4657-B1C3-18B80D320F5B}.Release|Any CPU.ActiveCfg = Release|Any CPU
		{95580C87-AC61-4657-B1C3-18B80D320F5B}.Release|Any CPU.Build.0 = Release|Any CPU
		{FC1C6C88-FCB9-44DA-BBEA-1AB9F7FE26F7}.Debug|Any CPU.ActiveCfg = Debug|Any CPU
		{FC1C6C88-FCB9-44DA-BBEA-1AB9F7FE26F7}.Debug|Any CPU.Build.0 = Debug|Any CPU
		{FC1C6C88-FCB9-44DA-BBEA-1AB9F7FE26F7}.Release|Any CPU.ActiveCfg = Release|Any CPU
		{FC1C6C88-FCB9-44DA-BBEA-1AB9F7FE26F7}.Release|Any CPU.Build.0 = Release|Any CPU
		{CC2E2F32-0B72-4C72-8A4B-874767AEDE73}.Debug|Any CPU.ActiveCfg = Debug|Any CPU
		{CC2E2F32-0B72-4C72-8A4B-874767AEDE73}.Debug|Any CPU.Build.0 = Debug|Any CPU
		{CC2E2F32-0B72-4C72-8A4B-874767AEDE73}.Release|Any CPU.ActiveCfg = Release|Any CPU
		{CC2E2F32-0B72-4C72-8A4B-874767AEDE73}.Release|Any CPU.Build.0 = Release|Any CPU
		{43F24D55-15D9-41AA-83D4-9EC58F95F935}.Debug|Any CPU.ActiveCfg = Debug|Any CPU
		{43F24D55-15D9-41AA-83D4-9EC58F95F935}.Debug|Any CPU.Build.0 = Debug|Any CPU
		{43F24D55-15D9-41AA-83D4-9EC58F95F935}.Release|Any CPU.ActiveCfg = Release|Any CPU
		{43F24D55-15D9-41AA-83D4-9EC58F95F935}.Release|Any CPU.Build.0 = Release|Any CPU
		{A15F35E3-46A6-4805-8EAC-640C71A9E2EB}.Debug|Any CPU.ActiveCfg = Debug|Any CPU
		{A15F35E3-46A6-4805-8EAC-640C71A9E2EB}.Debug|Any CPU.Build.0 = Debug|Any CPU
		{A15F35E3-46A6-4805-8EAC-640C71A9E2EB}.Release|Any CPU.ActiveCfg = Release|Any CPU
		{A15F35E3-46A6-4805-8EAC-640C71A9E2EB}.Release|Any CPU.Build.0 = Release|Any CPU
		{89F69890-B52C-412E-967E-D0FBC259A440}.Debug|Any CPU.ActiveCfg = Debug|Any CPU
		{89F69890-B52C-412E-967E-D0FBC259A440}.Debug|Any CPU.Build.0 = Debug|Any CPU
		{89F69890-B52C-412E-967E-D0FBC259A440}.Release|Any CPU.ActiveCfg = Release|Any CPU
		{89F69890-B52C-412E-967E-D0FBC259A440}.Release|Any CPU.Build.0 = Release|Any CPU
		{FC12875B-84E3-4D2D-9E5B-5DC36C0651C5}.Debug|Any CPU.ActiveCfg = Debug|Any CPU
		{FC12875B-84E3-4D2D-9E5B-5DC36C0651C5}.Debug|Any CPU.Build.0 = Debug|Any CPU
		{FC12875B-84E3-4D2D-9E5B-5DC36C0651C5}.Release|Any CPU.ActiveCfg = Release|Any CPU
		{FC12875B-84E3-4D2D-9E5B-5DC36C0651C5}.Release|Any CPU.Build.0 = Release|Any CPU
	EndGlobalSection
	GlobalSection(SolutionProperties) = preSolution
		HideSolutionNode = FALSE
	EndGlobalSection
	GlobalSection(NestedProjects) = preSolution
		{6674B6F2-3F2E-4D1D-A2ED-922EFA069D57} = {0431D7AF-ECB4-4955-BAD9-94213F294B2E}
		{0431D7AF-ECB4-4955-BAD9-94213F294B2E} = {00F39381-8EE8-4BAA-97B9-8C59874AA63F}
		{95580C87-AC61-4657-B1C3-18B80D320F5B} = {00F39381-8EE8-4BAA-97B9-8C59874AA63F}
		{FC1C6C88-FCB9-44DA-BBEA-1AB9F7FE26F7} = {00F39381-8EE8-4BAA-97B9-8C59874AA63F}
		{CC2E2F32-0B72-4C72-8A4B-874767AEDE73} = {7C3CEAC1-A0A5-4E5C-AFFD-AE8E82C47345}
		{43F24D55-15D9-41AA-83D4-9EC58F95F935} = {0431D7AF-ECB4-4955-BAD9-94213F294B2E}
		{45EFB539-0F2D-49D4-AB62-88608268A5CC} = {7C3CEAC1-A0A5-4E5C-AFFD-AE8E82C47345}
		{A15F35E3-46A6-4805-8EAC-640C71A9E2EB} = {7C3CEAC1-A0A5-4E5C-AFFD-AE8E82C47345}
		{89F69890-B52C-412E-967E-D0FBC259A440} = {45EFB539-0F2D-49D4-AB62-88608268A5CC}
		{FC12875B-84E3-4D2D-9E5B-5DC36C0651C5} = {45EFB539-0F2D-49D4-AB62-88608268A5CC}
	EndGlobalSection
	GlobalSection(ExtensibilityGlobals) = postSolution
		SolutionGuid = {88EF24D2-A16C-48D5-90E9-4DAEF27FECD8}
	EndGlobalSection
EndGlobal
